
Microsoft Visual Studio Solution File, Format Version 11.00
# Visual Studio 2010
Project("{FAE04EC0-301F-11D3-BF4B-00C04F79EFBC}") = "Principal", "Proyecto\Principal.csproj", "{C4C21208-9E7E-41D6-8D4A-0E746F5A6841}"
EndProject
Project("{FAE04EC0-301F-11D3-BF4B-00C04F79EFBC}") = "Traducciones", "Traducciones\Traducciones.csproj", "{E095C23B-086A-43BF-A959-F60C8B56F909}"
EndProject
Global
	GlobalSection(SolutionConfigurationPlatforms) = preSolution
		Debug|Any CPU = Debug|Any CPU
		Debug|Mixed Platforms = Debug|Mixed Platforms
		Debug|x86 = Debug|x86
		Release|Any CPU = Release|Any CPU
		Release|Mixed Platforms = Release|Mixed Platforms
		Release|x86 = Release|x86
	EndGlobalSection
	GlobalSection(ProjectConfigurationPlatforms) = postSolution
		{C4C21208-9E7E-41D6-8D4A-0E746F5A6841}.Debug|Any CPU.ActiveCfg = Debug|x86
		{C4C21208-9E7E-41D6-8D4A-0E746F5A6841}.Debug|Mixed Platforms.ActiveCfg = Debug|x86
		{C4C21208-9E7E-41D6-8D4A-0E746F5A6841}.Debug|Mixed Platforms.Build.0 = Debug|x86
		{C4C21208-9E7E-41D6-8D4A-0E746F5A6841}.Debug|x86.ActiveCfg = Debug|x86
		{C4C21208-9E7E-41D6-8D4A-0E746F5A6841}.Debug|x86.Build.0 = Debug|x86
		{C4C21208-9E7E-41D6-8D4A-0E746F5A6841}.Release|Any CPU.ActiveCfg = Release|x86
		{C4C21208-9E7E-41D6-8D4A-0E746F5A6841}.Release|Mixed Platforms.ActiveCfg = Release|x86
		{C4C21208-9E7E-41D6-8D4A-0E746F5A6841}.Release|Mixed Platforms.Build.0 = Release|x86
		{C4C21208-9E7E-41D6-8D4A-0E746F5A6841}.Release|x86.ActiveCfg = Release|x86
		{C4C21208-9E7E-41D6-8D4A-0E746F5A6841}.Release|x86.Build.0 = Release|x86
		{E095C23B-086A-43BF-A959-F60C8B56F909}.Debug|Any CPU.ActiveCfg = Debug|Any CPU
		{E095C23B-086A-43BF-A959-F60C8B56F909}.Debug|Any CPU.Build.0 = Debug|Any CPU
		{E095C23B-086A-43BF-A959-F60C8B56F909}.Debug|Mixed Platforms.ActiveCfg = Debug|Any CPU
		{E095C23B-086A-43BF-A959-F60C8B56F909}.Debug|Mixed Platforms.Build.0 = Debug|Any CPU
		{E095C23B-086A-43BF-A959-F60C8B56F909}.Debug|x86.ActiveCfg = Debug|Any CPU
		{E095C23B-086A-43BF-A959-F60C8B56F909}.Release|Any CPU.ActiveCfg = Release|Any CPU
		{E095C23B-086A-43BF-A959-F60C8B56F909}.Release|Any CPU.Build.0 = Release|Any CPU
		{E095C23B-086A-43BF-A959-F60C8B56F909}.Release|Mixed Platforms.ActiveCfg = Release|Any CPU
		{E095C23B-086A-43BF-A959-F60C8B56F909}.Release|Mixed Platforms.Build.0 = Release|Any CPU
		{E095C23B-086A-43BF-A959-F60C8B56F909}.Release|x86.ActiveCfg = Release|Any CPU
	EndGlobalSection
	GlobalSection(SolutionProperties) = preSolution
		HideSolutionNode = FALSE
	EndGlobalSection
EndGlobal
